
Microsoft Visual Studio Solution File, Format Version 12.00
# Visual Studio Version 16
VisualStudioVersion = 16.0.30611.23
MinimumVisualStudioVersion = 10.0.40219.1
Project("{FAE04EC0-301F-11D3-BF4B-00C04F79EFBC}") = "Raspisanije.Android", "Raspisanije\Raspisanije.Android\Raspisanije.Android.csproj", "{2B3215AE-BFB9-4957-B379-9CA928850EEE}"
EndProject
Project("{FAE04EC0-301F-11D3-BF4B-00C04F79EFBC}") = "Raspisanije", "Raspisanije\Raspisanije\Raspisanije.csproj", "{F87132FF-66AE-4455-9899-59DB9D4B431D}"
EndProject
Global
	GlobalSection(SolutionConfigurationPlatforms) = preSolution
		Debug|Any CPU = Debug|Any CPU
		Release|Any CPU = Release|Any CPU
	EndGlobalSection
	GlobalSection(ProjectConfigurationPlatforms) = postSolution
		{2B3215AE-BFB9-4957-B379-9CA928850EEE}.Debug|Any CPU.ActiveCfg = Debug|Any CPU
		{2B3215AE-BFB9-4957-B379-9CA928850EEE}.Debug|Any CPU.Build.0 = Debug|Any CPU
		{2B3215AE-BFB9-4957-B379-9CA928850EEE}.Debug|Any CPU.Deploy.0 = Debug|Any CPU
		{2B3215AE-BFB9-4957-B379-9CA928850EEE}.Release|Any CPU.ActiveCfg = Release|Any CPU
		{2B3215AE-BFB9-4957-B379-9CA928850EEE}.Release|Any CPU.Build.0 = Release|Any CPU
		{2B3215AE-BFB9-4957-B379-9CA928850EEE}.Release|Any CPU.Deploy.0 = Release|Any CPU
		{F87132FF-66AE-4455-9899-59DB9D4B431D}.Debug|Any CPU.ActiveCfg = Debug|Any CPU
		{F87132FF-66AE-4455-9899-59DB9D4B431D}.Debug|Any CPU.Build.0 = Debug|Any CPU
		{F87132FF-66AE-4455-9899-59DB9D4B431D}.Debug|Any CPU.Deploy.0 = Debug|Any CPU
		{F87132FF-66AE-4455-9899-59DB9D4B431D}.Release|Any CPU.ActiveCfg = Release|Any CPU
		{F87132FF-66AE-4455-9899-59DB9D4B431D}.Release|Any CPU.Build.0 = Release|Any CPU
		{F87132FF-66AE-4455-9899-59DB9D4B431D}.Release|Any CPU.Deploy.0 = Release|Any CPU
	EndGlobalSection
	GlobalSection(SolutionProperties) = preSolution
		HideSolutionNode = FALSE
	EndGlobalSection
	GlobalSection(ExtensibilityGlobals) = postSolution
		SolutionGuid = {02325D52-2222-4623-8AF5-811FF4EBACC4}
	EndGlobalSection
EndGlobal
